[[package]]
name = "inflection"
version = "0.5.1"
description = "A port of Ruby on Rails inflector to Python"
category = "main"
optional = false
python-versions = ">=3.5"

[[package]]
name = "marshmallow"
version = "3.9.1"
description = "A lightweight library for converting complex datatypes to and from native Python datatypes."
category = "dev"
optional = false
python-versions = ">=3.5"

[package.extras]
dev = ["pytest", "pytz", "simplejson", "mypy (0.790)", "flake8 (3.8.4)", "flake8-bugbear (20.1.4)", "pre-commit (>=2.4,<3.0)", "tox"]
docs = ["sphinx (3.3.0)", "sphinx-issues (1.2.0)", "alabaster (0.7.12)", "sphinx-version-warning (1.1.2)", "autodocsumm (0.2.1)"]
lint = ["mypy (0.790)", "flake8 (3.8.4)", "flake8-bugbear (20.1.4)", "pre-commit (>=2.4,<3.0)"]
tests = ["pytest", "pytz", "simplejson"]

[metadata]
lock-version = "1.1"
python-versions = "^3.6"
content-hash = "1dac25ac6c949c0568f438d1f762bbf9bcdd465eee190d8c058f5b57e6c361cd"

[metadata.files]
inflection = [
    {file = "inflection-0.5.1-py2.py3-none-any.whl", hash = "sha256:f38b2b640938a4f35ade69ac3d053042959b62a0f1076a5bbaa1b9526605a8a2"},
    {file = "inflection-0.5.1.tar.gz", hash = "sha256:1a29730d366e996aaacffb2f1f1cb9593dc38e2ddd30c91250c6dde09ea9b417"},
]
marshmallow = [
    {file = "marshmallow-3.9.1-py2.py3-none-any.whl", hash = "sha256:e26763201474b588d144dae9a32bdd945cd26a06c943bc746a6882e850475378"},
    {file = "marshmallow-3.9.1.tar.gz", hash = "sha256:73facc37462dfc0b27f571bdaffbef7709e19f7a616beb3802ea425b07843f4e"},
]
